// !$*UTF8*$!
{
	archiveVersion = 1;
	classes = {
	};
	objectVersion = 56;
	objects = {

/* Begin PBXBuildFile section */
		C97EAD952904116F0008F51C /* InferenceItemView.swift in Sources */ = {isa = PBXBuildFile; fileRef = C97EAD942904116F0008F51C /* InferenceItemView.swift */; };
		C9AFB03928FDF8670051A21A /* SubmitTextView.swift in Sources */ = {isa = PBXBuildFile; fileRef = C9AFB03828FDF8670051A21A /* SubmitTextView.swift */; };
		C9AFB03B28FDFB160051A21A /* PlayInferenceView.swift in Sources */ = {isa = PBXBuildFile; fileRef = C9AFB03A28FDFB160051A21A /* PlayInferenceView.swift */; };
		C9AFB03D28FDFEBC0051A21A /* FYJobStatusDTO.swift in Sources */ = {isa = PBXBuildFile; fileRef = C9AFB03C28FDFEBC0051A21A /* FYJobStatusDTO.swift */; };
		C9AFB03F28FE02B90051A21A /* FYJobStatus.swift in Sources */ = {isa = PBXBuildFile; fileRef = C9AFB03E28FE02B90051A21A /* FYJobStatus.swift */; };
		C9B34CC228FB653600B69064 /* Narrated_ByApp.swift in Sources */ = {isa = PBXBuildFile; fileRef = C9B34CC128FB653600B69064 /* Narrated_ByApp.swift */; };
		C9B34CC428FB653600B69064 /* ContentView.swift in Sources */ = {isa = PBXBuildFile; fileRef = C9B34CC328FB653600B69064 /* ContentView.swift */; };
		C9B34CC628FB653700B69064 /* Assets.xcassets in Resources */ = {isa = PBXBuildFile; fileRef = C9B34CC528FB653700B69064 /* Assets.xcassets */; };
		C9B34CCA28FB653700B69064 /* Preview Assets.xcassets in Resources */ = {isa = PBXBuildFile; fileRef = C9B34CC928FB653700B69064 /* Preview Assets.xcassets */; };
		C9B34CD428FB653700B69064 /* Narrated_ByTests.swift in Sources */ = {isa = PBXBuildFile; fileRef = C9B34CD328FB653700B69064 /* Narrated_ByTests.swift */; };
		C9B34CDE28FB653700B69064 /* Narrated_ByUITests.swift in Sources */ = {isa = PBXBuildFile; fileRef = C9B34CDD28FB653700B69064 /* Narrated_ByUITests.swift */; };
		C9B34CE028FB653700B69064 /* Narrated_ByUITestsLaunchTests.swift in Sources */ = {isa = PBXBuildFile; fileRef = C9B34CDF28FB653700B69064 /* Narrated_ByUITestsLaunchTests.swift */; };
		C9B34CED28FC172C00B69064 /* FakeYouService.swift in Sources */ = {isa = PBXBuildFile; fileRef = C9B34CEC28FC172C00B69064 /* FakeYouService.swift */; };
		C9B34CF528FC6E4600B69064 /* FYTtsRequest.swift in Sources */ = {isa = PBXBuildFile; fileRef = C9B34CF428FC6E4600B69064 /* FYTtsRequest.swift */; };
		C9B34CF728FC749700B69064 /* FYVoicesDTO.swift in Sources */ = {isa = PBXBuildFile; fileRef = C9B34CF628FC749700B69064 /* FYVoicesDTO.swift */; };
		C9B34CFB28FC757C00B69064 /* FYVoiceModel.swift in Sources */ = {isa = PBXBuildFile; fileRef = C9B34CFA28FC757C00B69064 /* FYVoiceModel.swift */; };
		C9B34D0228FDEB0A00B69064 /* FYTtsResponseDTO.swift in Sources */ = {isa = PBXBuildFile; fileRef = C9B34D0128FDEB0A00B69064 /* FYTtsResponseDTO.swift */; };
		C9B34D0428FDECF000B69064 /* FYJobDetails.swift in Sources */ = {isa = PBXBuildFile; fileRef = C9B34D0328FDECF000B69064 /* FYJobDetails.swift */; };
		C9B34D0628FDED8F00B69064 /* FYJobStatusEnum.swift in Sources */ = {isa = PBXBuildFile; fileRef = C9B34D0528FDED8F00B69064 /* FYJobStatusEnum.swift */; };
/* End PBXBuildFile section */

/* Begin PBXContainerItemProxy section */
		C9B34CD028FB653700B69064 /* PBXContainerItemProxy */ = {
			isa = PBXContainerItemProxy;
			containerPortal = C9B34CB628FB653600B69064 /* Project object */;
			proxyType = 1;
			remoteGlobalIDString = C9B34CBD28FB653600B69064;
			remoteInfo = "Narrated By";
		};
		C9B34CDA28FB653700B69064 /* PBXContainerItemProxy */ = {
			isa = PBXContainerItemProxy;
			containerPortal = C9B34CB628FB653600B69064 /* Project object */;
			proxyType = 1;
			remoteGlobalIDString = C9B34CBD28FB653600B69064;
			remoteInfo = "Narrated By";
		};
/* End PBXContainerItemProxy section */

/* Begin PBXFileReference section */
		C97EAD942904116F0008F51C /* InferenceItemView.swift */ = {isa = PBXFileReference; lastKnownFileType = sourcecode.swift; path = InferenceItemView.swift; sourceTree = "<group>"; };
		C9AFB03828FDF8670051A21A /* SubmitTextView.swift */ = {isa = PBXFileReference; lastKnownFileType = sourcecode.swift; path = SubmitTextView.swift; sourceTree = "<group>"; };
		C9AFB03A28FDFB160051A21A /* PlayInferenceView.swift */ = {isa = PBXFileReference; lastKnownFileType = sourcecode.swift; path = PlayInferenceView.swift; sourceTree = "<group>"; };
		C9AFB03C28FDFEBC0051A21A /* FYJobStatusDTO.swift */ = {isa = PBXFileReference; lastKnownFileType = sourcecode.swift; path = FYJobStatusDTO.swift; sourceTree = "<group>"; };
		C9AFB03E28FE02B90051A21A /* FYJobStatus.swift */ = {isa = PBXFileReference; lastKnownFileType = sourcecode.swift; path = FYJobStatus.swift; sourceTree = "<group>"; };
		C9B34CBE28FB653600B69064 /* Narrated By.app */ = {isa = PBXFileReference; explicitFileType = wrapper.application; includeInIndex = 0; path = "Narrated By.app"; sourceTree = BUILT_PRODUCTS_DIR; };
		C9B34CC128FB653600B69064 /* Narrated_ByApp.swift */ = {isa = PBXFileReference; lastKnownFileType = sourcecode.swift; path = Narrated_ByApp.swift; sourceTree = "<group>"; };
		C9B34CC328FB653600B69064 /* ContentView.swift */ = {isa = PBXFileReference; lastKnownFileType = sourcecode.swift; path = ContentView.swift; sourceTree = "<group>"; };
		C9B34CC528FB653700B69064 /* Assets.xcassets */ = {isa = PBXFileReference; lastKnownFileType = folder.assetcatalog; path = Assets.xcassets; sourceTree = "<group>"; };
		C9B34CC728FB653700B69064 /* Narrated_By.entitlements */ = {isa = PBXFileReference; lastKnownFileType = text.plist.entitlements; path = Narrated_By.entitlements; sourceTree = "<group>"; };
		C9B34CC928FB653700B69064 /* Preview Assets.xcassets */ = {isa = PBXFileReference; lastKnownFileType = folder.assetcatalog; path = "Preview Assets.xcassets"; sourceTree = "<group>"; };
		C9B34CCF28FB653700B69064 /* Narrated ByTests.xctest */ = {isa = PBXFileReference; explicitFileType = wrapper.cfbundle; includeInIndex = 0; path = "Narrated ByTests.xctest"; sourceTree = BUILT_PRODUCTS_DIR; };
		C9B34CD328FB653700B69064 /* Narrated_ByTests.swift */ = {isa = PBXFileReference; lastKnownFileType = sourcecode.swift; path = Narrated_ByTests.swift; sourceTree = "<group>"; };
		C9B34CD928FB653700B69064 /* Narrated ByUITests.xctest */ = {isa = PBXFileReference; explicitFileType = wrapper.cfbundle; includeInIndex = 0; path = "Narrated ByUITests.xctest"; sourceTree = BUILT_PRODUCTS_DIR; };
		C9B34CDD28FB653700B69064 /* Narrated_ByUITests.swift */ = {isa = PBXFileReference; lastKnownFileType = sourcecode.swift; path = Narrated_ByUITests.swift; sourceTree = "<group>"; };
		C9B34CDF28FB653700B69064 /* Narrated_ByUITestsLaunchTests.swift */ = {isa = PBXFileReference; lastKnownFileType = sourcecode.swift; path = Narrated_ByUITestsLaunchTests.swift; sourceTree = "<group>"; };
		C9B34CEC28FC172C00B69064 /* FakeYouService.swift */ = {isa = PBXFileReference; lastKnownFileType = sourcecode.swift; path = FakeYouService.swift; sourceTree = "<group>"; };
		C9B34CF428FC6E4600B69064 /* FYTtsRequest.swift */ = {isa = PBXFileReference; lastKnownFileType = sourcecode.swift; path = FYTtsRequest.swift; sourceTree = "<group>"; };
		C9B34CF628FC749700B69064 /* FYVoicesDTO.swift */ = {isa = PBXFileReference; lastKnownFileType = sourcecode.swift; path = FYVoicesDTO.swift; sourceTree = "<group>"; };
		C9B34CFA28FC757C00B69064 /* FYVoiceModel.swift */ = {isa = PBXFileReference; lastKnownFileType = sourcecode.swift; path = FYVoiceModel.swift; sourceTree = "<group>"; };
		C9B34D0128FDEB0A00B69064 /* FYTtsResponseDTO.swift */ = {isa = PBXFileReference; lastKnownFileType = sourcecode.swift; path = FYTtsResponseDTO.swift; sourceTree = "<group>"; };
		C9B34D0328FDECF000B69064 /* FYJobDetails.swift */ = {isa = PBXFileReference; lastKnownFileType = sourcecode.swift; path = FYJobDetails.swift; sourceTree = "<group>"; };
		C9B34D0528FDED8F00B69064 /* FYJobStatusEnum.swift */ = {isa = PBXFileReference; lastKnownFileType = sourcecode.swift; path = FYJobStatusEnum.swift; sourceTree = "<group>"; };
/* End PBXFileReference section */

/* Begin PBXFrameworksBuildPhase section */
		C9B34CBB28FB653600B69064 /* Frameworks */ = {
			isa = PBXFrameworksBuildPhase;
			buildActionMask = 2147483647;
			files = (
			);
			runOnlyForDeploymentPostprocessing = 0;
		};
		C9B34CCC28FB653700B69064 /* Frameworks */ = {
			isa = PBXFrameworksBuildPhase;
			buildActionMask = 2147483647;
			files = (
			);
			runOnlyForDeploymentPostprocessing = 0;
		};
		C9B34CD628FB653700B69064 /* Frameworks */ = {
			isa = PBXFrameworksBuildPhase;
			buildActionMask = 2147483647;
			files = (
			);
			runOnlyForDeploymentPostprocessing = 0;
		};
/* End PBXFrameworksBuildPhase section */

/* Begin PBXGroup section */
		C9AFB03728FDF8330051A21A /* Views */ = {
			isa = PBXGroup;
			children = (
				C9AFB03828FDF8670051A21A /* SubmitTextView.swift */,
				C9AFB03A28FDFB160051A21A /* PlayInferenceView.swift */,
				C97EAD942904116F0008F51C /* InferenceItemView.swift */,
			);
			path = Views;
			sourceTree = "<group>";
		};
		C9B34CB528FB653600B69064 = {
			isa = PBXGroup;
			children = (
				C9B34CC028FB653600B69064 /* Narrated By */,
				C9B34CD228FB653700B69064 /* Narrated ByTests */,
				C9B34CDC28FB653700B69064 /* Narrated ByUITests */,
				C9B34CBF28FB653600B69064 /* Products */,
			);
			sourceTree = "<group>";
		};
		C9B34CBF28FB653600B69064 /* Products */ = {
			isa = PBXGroup;
			children = (
				C9B34CBE28FB653600B69064 /* Narrated By.app */,
				C9B34CCF28FB653700B69064 /* Narrated ByTests.xctest */,
				C9B34CD928FB653700B69064 /* Narrated ByUITests.xctest */,
			);
			name = Products;
			sourceTree = "<group>";
		};
		C9B34CC028FB653600B69064 /* Narrated By */ = {
			isa = PBXGroup;
			children = (
				C9AFB03728FDF8330051A21A /* Views */,
				C9B34CF928FC751900B69064 /* FakeYou */,
				C9B34CEE28FC231400B69064 /* Services */,
				C9B34CC128FB653600B69064 /* Narrated_ByApp.swift */,
				C9B34CC328FB653600B69064 /* ContentView.swift */,
				C9B34CC528FB653700B69064 /* Assets.xcassets */,
				C9B34CC728FB653700B69064 /* Narrated_By.entitlements */,
				C9B34CC828FB653700B69064 /* Preview Content */,
			);
			path = "Narrated By";
			sourceTree = "<group>";
		};
		C9B34CC828FB653700B69064 /* Preview Content */ = {
			isa = PBXGroup;
			children = (
				C9B34CC928FB653700B69064 /* Preview Assets.xcassets */,
			);
			path = "Preview Content";
			sourceTree = "<group>";
		};
		C9B34CD228FB653700B69064 /* Narrated ByTests */ = {
			isa = PBXGroup;
			children = (
				C9B34CD328FB653700B69064 /* Narrated_ByTests.swift */,
			);
			path = "Narrated ByTests";
			sourceTree = "<group>";
		};
		C9B34CDC28FB653700B69064 /* Narrated ByUITests */ = {
			isa = PBXGroup;
			children = (
				C9B34CDD28FB653700B69064 /* Narrated_ByUITests.swift */,
				C9B34CDF28FB653700B69064 /* Narrated_ByUITestsLaunchTests.swift */,
			);
			path = "Narrated ByUITests";
			sourceTree = "<group>";
		};
		C9B34CEE28FC231400B69064 /* Services */ = {
			isa = PBXGroup;
			children = (
				C9B34CEC28FC172C00B69064 /* FakeYouService.swift */,
			);
			path = Services;
			sourceTree = "<group>";
		};
		C9B34CF928FC751900B69064 /* FakeYou */ = {
			isa = PBXGroup;
			children = (
				C9B34CF628FC749700B69064 /* FYVoicesDTO.swift */,
				C9B34CF428FC6E4600B69064 /* FYTtsRequest.swift */,
				C9B34CFA28FC757C00B69064 /* FYVoiceModel.swift */,
				C9B34D0128FDEB0A00B69064 /* FYTtsResponseDTO.swift */,
				C9B34D0328FDECF000B69064 /* FYJobDetails.swift */,
				C9B34D0528FDED8F00B69064 /* FYJobStatusEnum.swift */,
				C9AFB03C28FDFEBC0051A21A /* FYJobStatusDTO.swift */,
				C9AFB03E28FE02B90051A21A /* FYJobStatus.swift */,
			);
			path = FakeYou;
			sourceTree = "<group>";
		};
/* End PBXGroup section */

/* Begin PBXNativeTarget section */
		C9B34CBD28FB653600B69064 /* Narrated By */ = {
			isa = PBXNativeTarget;
			buildConfigurationList = C9B34CE328FB653700B69064 /* Build configuration list for PBXNativeTarget "Narrated By" */;
			buildPhases = (
				C9B34CBA28FB653600B69064 /* Sources */,
				C9B34CBB28FB653600B69064 /* Frameworks */,
				C9B34CBC28FB653600B69064 /* Resources */,
			);
			buildRules = (
			);
			dependencies = (
			);
			name = "Narrated By";
			productName = "Narrated By";
			productReference = C9B34CBE28FB653600B69064 /* Narrated By.app */;
			productType = "com.apple.product-type.application";
		};
		C9B34CCE28FB653700B69064 /* Narrated ByTests */ = {
			isa = PBXNativeTarget;
			buildConfigurationList = C9B34CE628FB653700B69064 /* Build configuration list for PBXNativeTarget "Narrated ByTests" */;
			buildPhases = (
				C9B34CCB28FB653700B69064 /* Sources */,
				C9B34CCC28FB653700B69064 /* Frameworks */,
				C9B34CCD28FB653700B69064 /* Resources */,
			);
			buildRules = (
			);
			dependencies = (
				C9B34CD128FB653700B69064 /* PBXTargetDependency */,
			);
			name = "Narrated ByTests";
			productName = "Narrated ByTests";
			productReference = C9B34CCF28FB653700B69064 /* Narrated ByTests.xctest */;
			productType = "com.apple.product-type.bundle.unit-test";
		};
		C9B34CD828FB653700B69064 /* Narrated ByUITests */ = {
			isa = PBXNativeTarget;
			buildConfigurationList = C9B34CE928FB653700B69064 /* Build configuration list for PBXNativeTarget "Narrated ByUITests" */;
			buildPhases = (
				C9B34CD528FB653700B69064 /* Sources */,
				C9B34CD628FB653700B69064 /* Frameworks */,
				C9B34CD728FB653700B69064 /* Resources */,
			);
			buildRules = (
			);
			dependencies = (
				C9B34CDB28FB653700B69064 /* PBXTargetDependency */,
			);
			name = "Narrated ByUITests";
			productName = "Narrated ByUITests";
			productReference = C9B34CD928FB653700B69064 /* Narrated ByUITests.xctest */;
			productType = "com.apple.product-type.bundle.ui-testing";
		};
/* End PBXNativeTarget section */

/* Begin PBXProject section */
		C9B34CB628FB653600B69064 /* Project object */ = {
			isa = PBXProject;
			attributes = {
				BuildIndependentTargetsInParallel = 1;
				LastSwiftUpdateCheck = 1400;
				LastUpgradeCheck = 1400;
				TargetAttributes = {
					C9B34CBD28FB653600B69064 = {
						CreatedOnToolsVersion = 14.0.1;
					};
					C9B34CCE28FB653700B69064 = {
						CreatedOnToolsVersion = 14.0.1;
						TestTargetID = C9B34CBD28FB653600B69064;
					};
					C9B34CD828FB653700B69064 = {
						CreatedOnToolsVersion = 14.0.1;
						TestTargetID = C9B34CBD28FB653600B69064;
					};
				};
			};
			buildConfigurationList = C9B34CB928FB653600B69064 /* Build configuration list for PBXProject "Narrated By" */;
			compatibilityVersion = "Xcode 14.0";
			developmentRegion = en;
			hasScannedForEncodings = 0;
			knownRegions = (
				en,
				Base,
			);
			mainGroup = C9B34CB528FB653600B69064;
			productRefGroup = C9B34CBF28FB653600B69064 /* Products */;
			projectDirPath = "";
			projectRoot = "";
			targets = (
				C9B34CBD28FB653600B69064 /* Narrated By */,
				C9B34CCE28FB653700B69064 /* Narrated ByTests */,
				C9B34CD828FB653700B69064 /* Narrated ByUITests */,
			);
		};
/* End PBXProject section */

/* Begin PBXResourcesBuildPhase section */
		C9B34CBC28FB653600B69064 /* Resources */ = {
			isa = PBXResourcesBuildPhase;
			buildActionMask = 2147483647;
			files = (
				C9B34CCA28FB653700B69064 /* Preview Assets.xcassets in Resources */,
				C9B34CC628FB653700B69064 /* Assets.xcassets in Resources */,
			);
			runOnlyForDeploymentPostprocessing = 0;
		};
		C9B34CCD28FB653700B69064 /* Resources */ = {
			isa = PBXResourcesBuildPhase;
			buildActionMask = 2147483647;
			files = (
			);
			runOnlyForDeploymentPostprocessing = 0;
		};
		C9B34CD728FB653700B69064 /* Resources */ = {
			isa = PBXResourcesBuildPhase;
			buildActionMask = 2147483647;
			files = (
			);
			runOnlyForDeploymentPostprocessing = 0;
		};
/* End PBXResourcesBuildPhase section */

/* Begin PBXSourcesBuildPhase section */
		C9B34CBA28FB653600B69064 /* Sources */ = {
			isa = PBXSourcesBuildPhase;
			buildActionMask = 2147483647;
			files = (
				C9AFB03F28FE02B90051A21A /* FYJobStatus.swift in Sources */,
				C9B34CED28FC172C00B69064 /* FakeYouService.swift in Sources */,
				C9B34CC428FB653600B69064 /* ContentView.swift in Sources */,
				C9B34D0628FDED8F00B69064 /* FYJobStatusEnum.swift in Sources */,
				C9B34CFB28FC757C00B69064 /* FYVoiceModel.swift in Sources */,
				C97EAD952904116F0008F51C /* InferenceItemView.swift in Sources */,
				C9B34CF528FC6E4600B69064 /* FYTtsRequest.swift in Sources */,
				C9AFB03B28FDFB160051A21A /* PlayInferenceView.swift in Sources */,
				C9AFB03D28FDFEBC0051A21A /* FYJobStatusDTO.swift in Sources */,
				C9B34D0228FDEB0A00B69064 /* FYTtsResponseDTO.swift in Sources */,
				C9B34D0428FDECF000B69064 /* FYJobDetails.swift in Sources */,
				C9B34CC228FB653600B69064 /* Narrated_ByApp.swift in Sources */,
				C9AFB03928FDF8670051A21A /* SubmitTextView.swift in Sources */,
				C9B34CF728FC749700B69064 /* FYVoicesDTO.swift in Sources */,
			);
			runOnlyForDeploymentPostprocessing = 0;
		};
		C9B34CCB28FB653700B69064 /* Sources */ = {
			isa = PBXSourcesBuildPhase;
			buildActionMask = 2147483647;
			files = (
				C9B34CD428FB653700B69064 /* Narrated_ByTests.swift in Sources */,
			);
			runOnlyForDeploymentPostprocessing = 0;
		};
		C9B34CD528FB653700B69064 /* Sources */ = {
			isa = PBXSourcesBuildPhase;
			buildActionMask = 2147483647;
			files = (
				C9B34CE028FB653700B69064 /* Narrated_ByUITestsLaunchTests.swift in Sources */,
				C9B34CDE28FB653700B69064 /* Narrated_ByUITests.swift in Sources */,
			);
			runOnlyForDeploymentPostprocessing = 0;
		};
/* End PBXSourcesBuildPhase section */

/* Begin PBXTargetDependency section */
		C9B34CD128FB653700B69064 /* PBXTargetDependency */ = {
			isa = PBXTargetDependency;
			target = C9B34CBD28FB653600B69064 /* Narrated By */;
			targetProxy = C9B34CD028FB653700B69064 /* PBXContainerItemProxy */;
		};
		C9B34CDB28FB653700B69064 /* PBXTargetDependency */ = {
			isa = PBXTargetDependency;
			target = C9B34CBD28FB653600B69064 /* Narrated By */;
			targetProxy = C9B34CDA28FB653700B69064 /* PBXContainerItemProxy */;
		};
/* End PBXTargetDependency section */

/* Begin XCBuildConfiguration section */
		C9B34CE128FB653700B69064 /* Debug */ = {
			isa = XCBuildConfiguration;
			buildSettings = {
				ALWAYS_SEARCH_USER_PATHS = NO;
				CLANG_ANALYZER_NONNULL = YES;
				CLANG_ANALYZER_NUMBER_OBJECT_CONVERSION = YES_AGGRESSIVE;
				CLANG_CXX_LANGUAGE_STANDARD = "gnu++20";
				CLANG_ENABLE_MODULES = YES;
				CLANG_ENABLE_OBJC_ARC = YES;
				CLANG_ENABLE_OBJC_WEAK = YES;
				CLANG_WARN_BLOCK_CAPTURE_AUTORELEASING = YES;
				CLANG_WARN_BOOL_CONVERSION = YES;
				CLANG_WARN_COMMA = YES;
				CLANG_WARN_CONSTANT_CONVERSION = YES;
				CLANG_WARN_DEPRECATED_OBJC_IMPLEMENTATIONS = YES;
				CLANG_WARN_DIRECT_OBJC_ISA_USAGE = YES_ERROR;
				CLANG_WARN_DOCUMENTATION_COMMENTS = YES;
				CLANG_WARN_EMPTY_BODY = YES;
				CLANG_WARN_ENUM_CONVERSION = YES;
				CLANG_WARN_INFINITE_RECURSION = YES;
				CLANG_WARN_INT_CONVERSION = YES;
				CLANG_WARN_NON_LITERAL_NULL_CONVERSION = YES;
				CLANG_WARN_OBJC_IMPLICIT_RETAIN_SELF = YES;
				CLANG_WARN_OBJC_LITERAL_CONVERSION = YES;
				CLANG_WARN_OBJC_ROOT_CLASS = YES_ERROR;
				CLANG_WARN_QUOTED_INCLUDE_IN_FRAMEWORK_HEADER = YES;
				CLANG_WARN_RANGE_LOOP_ANALYSIS = YES;
				CLANG_WARN_STRICT_PROTOTYPES = YES;
				CLANG_WARN_SUSPICIOUS_MOVE = YES;
				CLANG_WARN_UNGUARDED_AVAILABILITY = YES_AGGRESSIVE;
				CLANG_WARN_UNREACHABLE_CODE = YES;
				CLANG_WARN__DUPLICATE_METHOD_MATCH = YES;
				COPY_PHASE_STRIP = NO;
				DEBUG_INFORMATION_FORMAT = dwarf;
				ENABLE_STRICT_OBJC_MSGSEND = YES;
				ENABLE_TESTABILITY = YES;
				GCC_C_LANGUAGE_STANDARD = gnu11;
				GCC_DYNAMIC_NO_PIC = NO;
				GCC_NO_COMMON_BLOCKS = YES;
				GCC_OPTIMIZATION_LEVEL = 0;
				GCC_PREPROCESSOR_DEFINITIONS = (
					"DEBUG=1",
					"$(inherited)",
				);
				GCC_WARN_64_TO_32_BIT_CONVERSION = YES;
				GCC_WARN_ABOUT_RETURN_TYPE = YES_ERROR;
				GCC_WARN_UNDECLARED_SELECTOR = YES;
				GCC_WARN_UNINITIALIZED_AUTOS = YES_AGGRESSIVE;
				GCC_WARN_UNUSED_FUNCTION = YES;
				GCC_WARN_UNUSED_VARIABLE = YES;
				MTL_ENABLE_DEBUG_INFO = INCLUDE_SOURCE;
				MTL_FAST_MATH = YES;
				ONLY_ACTIVE_ARCH = YES;
				SWIFT_ACTIVE_COMPILATION_CONDITIONS = DEBUG;
				SWIFT_OPTIMIZATION_LEVEL = "-Onone";
			};
			name = Debug;
		};
		C9B34CE228FB653700B69064 /* Release */ = {
			isa = XCBuildConfiguration;
			buildSettings = {
				ALWAYS_SEARCH_USER_PATHS = NO;
				CLANG_ANALYZER_NONNULL = YES;
				CLANG_ANALYZER_NUMBER_OBJECT_CONVERSION = YES_AGGRESSIVE;
				CLANG_CXX_LANGUAGE_STANDARD = "gnu++20";
				CLANG_ENABLE_MODULES = YES;
				CLANG_ENABLE_OBJC_ARC = YES;
				CLANG_ENABLE_OBJC_WEAK = YES;
				CLANG_WARN_BLOCK_CAPTURE_AUTORELEASING = YES;
				CLANG_WARN_BOOL_CONVERSION = YES;
				CLANG_WARN_COMMA = YES;
				CLANG_WARN_CONSTANT_CONVERSION = YES;
				CLANG_WARN_DEPRECATED_OBJC_IMPLEMENTATIONS = YES;
				CLANG_WARN_DIRECT_OBJC_ISA_USAGE = YES_ERROR;
				CLANG_WARN_DOCUMENTATION_COMMENTS = YES;
				CLANG_WARN_EMPTY_BODY = YES;
				CLANG_WARN_ENUM_CONVERSION = YES;
				CLANG_WARN_INFINITE_RECURSION = YES;
				CLANG_WARN_INT_CONVERSION = YES;
				CLANG_WARN_NON_LITERAL_NULL_CONVERSION = YES;
				CLANG_WARN_OBJC_IMPLICIT_RETAIN_SELF = YES;
				CLANG_WARN_OBJC_LITERAL_CONVERSION = YES;
				CLANG_WARN_OBJC_ROOT_CLASS = YES_ERROR;
				CLANG_WARN_QUOTED_INCLUDE_IN_FRAMEWORK_HEADER = YES;
				CLANG_WARN_RANGE_LOOP_ANALYSIS = YES;
				CLANG_WARN_STRICT_PROTOTYPES = YES;
				CLANG_WARN_SUSPICIOUS_MOVE = YES;
				CLANG_WARN_UNGUARDED_AVAILABILITY = YES_AGGRESSIVE;
				CLANG_WARN_UNREACHABLE_CODE = YES;
				CLANG_WARN__DUPLICATE_METHOD_MATCH = YES;
				COPY_PHASE_STRIP = NO;
				DEBUG_INFORMATION_FORMAT = "dwarf-with-dsym";
				ENABLE_NS_ASSERTIONS = NO;
				ENABLE_STRICT_OBJC_MSGSEND = YES;
				GCC_C_LANGUAGE_STANDARD = gnu11;
				GCC_NO_COMMON_BLOCKS = YES;
				GCC_WARN_64_TO_32_BIT_CONVERSION = YES;
				GCC_WARN_ABOUT_RETURN_TYPE = YES_ERROR;
				GCC_WARN_UNDECLARED_SELECTOR = YES;
				GCC_WARN_UNINITIALIZED_AUTOS = YES_AGGRESSIVE;
				GCC_WARN_UNUSED_FUNCTION = YES;
				GCC_WARN_UNUSED_VARIABLE = YES;
				MTL_ENABLE_DEBUG_INFO = NO;
				MTL_FAST_MATH = YES;
				SWIFT_COMPILATION_MODE = wholemodule;
				SWIFT_OPTIMIZATION_LEVEL = "-O";
			};
			name = Release;
		};
		C9B34CE428FB653700B69064 /* Debug */ = {
			isa = XCBuildConfiguration;
			buildSettings = {
				ASSETCATALOG_COMPILER_APPICON_NAME = AppIcon;
				ASSETCATALOG_COMPILER_GLOBAL_ACCENT_COLOR_NAME = AccentColor;
				CODE_SIGN_ENTITLEMENTS = "Narrated By/Narrated_By.entitlements";
				CODE_SIGN_STYLE = Automatic;
				CURRENT_PROJECT_VERSION = 1;
				DEVELOPMENT_ASSET_PATHS = "\"Narrated By/Preview Content\"";
				DEVELOPMENT_TEAM = WB72W87GVP;
				ENABLE_HARDENED_RUNTIME = YES;
				ENABLE_PREVIEWS = YES;
				GENERATE_INFOPLIST_FILE = YES;
				"INFOPLIST_KEY_UIApplicationSceneManifest_Generation[sdk=iphoneos*]" = YES;
				"INFOPLIST_KEY_UIApplicationSceneManifest_Generation[sdk=iphonesimulator*]" = YES;
				"INFOPLIST_KEY_UIApplicationSupportsIndirectInputEvents[sdk=iphoneos*]" = YES;
				"INFOPLIST_KEY_UIApplicationSupportsIndirectInputEvents[sdk=iphonesimulator*]" = YES;
				"INFOPLIST_KEY_UILaunchScreen_Generation[sdk=iphoneos*]" = YES;
				"INFOPLIST_KEY_UILaunchScreen_Generation[sdk=iphonesimulator*]" = YES;
				"INFOPLIST_KEY_UIStatusBarStyle[sdk=iphoneos*]" = UIStatusBarStyleDefault;
				"INFOPLIST_KEY_UIStatusBarStyle[sdk=iphonesimulator*]" = UIStatusBarStyleDefault;
				INFOPLIST_KEY_UISupportedInterfaceOrientations_iPad = "UIInterfaceOrientationPortrait UIInterfaceOrientationPortraitUpsideDown UIInterfaceOrientationLandscapeLeft UIInterfaceOrientationLandscapeRight";
				INFOPLIST_KEY_UISupportedInterfaceOrientations_iPhone = "UIInterfaceOrientationPortrait UIInterfaceOrientationLandscapeLeft UIInterfaceOrientationLandscapeRight";
				IPHONEOS_DEPLOYMENT_TARGET = 16.0;
				LD_RUNPATH_SEARCH_PATHS = "@executable_path/Frameworks";
				"LD_RUNPATH_SEARCH_PATHS[sdk=macosx*]" = "@executable_path/../Frameworks";
				MACOSX_DEPLOYMENT_TARGET = 12.3;
				MARKETING_VERSION = 1.0;
				PRODUCT_BUNDLE_IDENTIFIER = "net.grabara.Narrated-By";
				PRODUCT_NAME = "$(TARGET_NAME)";
				SDKROOT = auto;
				SUPPORTED_PLATFORMS = "iphoneos iphonesimulator macosx";
				SWIFT_EMIT_LOC_STRINGS = YES;
				SWIFT_VERSION = 5.0;
				TARGETED_DEVICE_FAMILY = "1,2";
			};
			name = Debug;
		};
		C9B34CE528FB653700B69064 /* Release */ = {
			isa = XCBuildConfiguration;
			buildSettings = {
				ASSETCATALOG_COMPILER_APPICON_NAME = AppIcon;
				ASSETCATALOG_COMPILER_GLOBAL_ACCENT_COLOR_NAME = AccentColor;
				CODE_SIGN_ENTITLEMENTS = "Narrated By/Narrated_By.entitlements";
				CODE_SIGN_STYLE = Automatic;
				CURRENT_PROJECT_VERSION = 1;
				DEVELOPMENT_ASSET_PATHS = "\"Narrated By/Preview Content\"";
				DEVELOPMENT_TEAM = WB72W87GVP;
				ENABLE_HARDENED_RUNTIME = YES;
				ENABLE_PREVIEWS = YES;
				GENERATE_INFOPLIST_FILE = YES;
				"INFOPLIST_KEY_UIApplicationSceneManifest_Generation[sdk=iphoneos*]" = YES;
				"INFOPLIST_KEY_UIApplicationSceneManifest_Generation[sdk=iphonesimulator*]" = YES;
				"INFOPLIST_KEY_UIApplicationSupportsIndirectInputEvents[sdk=iphoneos*]" = YES;
				"INFOPLIST_KEY_UIApplicationSupportsIndirectInputEvents[sdk=iphonesimulator*]" = YES;
				"INFOPLIST_KEY_UILaunchScreen_Generation[sdk=iphoneos*]" = YES;
				"INFOPLIST_KEY_UILaunchScreen_Generation[sdk=iphonesimulator*]" = YES;
				"INFOPLIST_KEY_UIStatusBarStyle[sdk=iphoneos*]" = UIStatusBarStyleDefault;
				"INFOPLIST_KEY_UIStatusBarStyle[sdk=iphonesimulator*]" = UIStatusBarStyleDefault;
				INFOPLIST_KEY_UISupportedInterfaceOrientations_iPad = "UIInterfaceOrientationPortrait UIInterfaceOrientationPortraitUpsideDown UIInterfaceOrientationLandscapeLeft UIInterfaceOrientationLandscapeRight";
				INFOPLIST_KEY_UISupportedInterfaceOrientations_iPhone = "UIInterfaceOrientationPortrait UIInterfaceOrientationLandscapeLeft UIInterfaceOrientationLandscapeRight";
				IPHONEOS_DEPLOYMENT_TARGET = 16.0;
				LD_RUNPATH_SEARCH_PATHS = "@executable_path/Frameworks";
				"LD_RUNPATH_SEARCH_PATHS[sdk=macosx*]" = "@executable_path/../Frameworks";
				MACOSX_DEPLOYMENT_TARGET = 12.3;
				MARKETING_VERSION = 1.0;
				PRODUCT_BUNDLE_IDENTIFIER = "net.grabara.Narrated-By";
				PRODUCT_NAME = "$(TARGET_NAME)";
				SDKROOT = auto;
				SUPPORTED_PLATFORMS = "iphoneos iphonesimulator macosx";
				SWIFT_EMIT_LOC_STRINGS = YES;
				SWIFT_VERSION = 5.0;
				TARGETED_DEVICE_FAMILY = "1,2";
			};
			name = Release;
		};
		C9B34CE728FB653700B69064 /* Debug */ = {
			isa = XCBuildConfiguration;
			buildSettings = {
				ALWAYS_EMBED_SWIFT_STANDARD_LIBRARIES = YES;
				BUNDLE_LOADER = "$(TEST_HOST)";
				CODE_SIGN_STYLE = Automatic;
				CURRENT_PROJECT_VERSION = 1;
				DEVELOPMENT_TEAM = WB72W87GVP;
				GENERATE_INFOPLIST_FILE = YES;
				IPHONEOS_DEPLOYMENT_TARGET = 16.0;
				MACOSX_DEPLOYMENT_TARGET = 12.3;
				MARKETING_VERSION = 1.0;
				PRODUCT_BUNDLE_IDENTIFIER = "net.grabara.Narrated-ByTests";
				PRODUCT_NAME = "$(TARGET_NAME)";
				SDKROOT = auto;
				SUPPORTED_PLATFORMS = "iphoneos iphonesimulator macosx";
				SWIFT_EMIT_LOC_STRINGS = NO;
				SWIFT_VERSION = 5.0;
				TARGETED_DEVICE_FAMILY = "1,2";
				TEST_HOST = "$(BUILT_PRODUCTS_DIR)/Narrated By.app/$(BUNDLE_EXECUTABLE_FOLDER_PATH)/Narrated By";
			};
			name = Debug;
		};
		C9B34CE828FB653700B69064 /* Release */ = {
			isa = XCBuildConfiguration;
			buildSettings = {
				ALWAYS_EMBED_SWIFT_STANDARD_LIBRARIES = YES;
				BUNDLE_LOADER = "$(TEST_HOST)";
				CODE_SIGN_STYLE = Automatic;
				CURRENT_PROJECT_VERSION = 1;
				DEVELOPMENT_TEAM = WB72W87GVP;
				GENERATE_INFOPLIST_FILE = YES;
				IPHONEOS_DEPLOYMENT_TARGET = 16.0;
				MACOSX_DEPLOYMENT_TARGET = 12.3;
				MARKETING_VERSION = 1.0;
				PRODUCT_BUNDLE_IDENTIFIER = "net.grabara.Narrated-ByTests";
				PRODUCT_NAME = "$(TARGET_NAME)";
				SDKROOT = auto;
				SUPPORTED_PLATFORMS = "iphoneos iphonesimulator macosx";
				SWIFT_EMIT_LOC_STRINGS = NO;
				SWIFT_VERSION = 5.0;
				TARGETED_DEVICE_FAMILY = "1,2";
				TEST_HOST = "$(BUILT_PRODUCTS_DIR)/Narrated By.app/$(BUNDLE_EXECUTABLE_FOLDER_PATH)/Narrated By";
			};
			name = Release;
		};
		C9B34CEA28FB653700B69064 /* Debug */ = {
			isa = XCBuildConfiguration;
			buildSettings = {
				ALWAYS_EMBED_SWIFT_STANDARD_LIBRARIES = YES;
				CODE_SIGN_STYLE = Automatic;
				CURRENT_PROJECT_VERSION = 1;
				DEVELOPMENT_TEAM = WB72W87GVP;
				GENERATE_INFOPLIST_FILE = YES;
				IPHONEOS_DEPLOYMENT_TARGET = 16.0;
				MACOSX_DEPLOYMENT_TARGET = 12.3;
				MARKETING_VERSION = 1.0;
				PRODUCT_BUNDLE_IDENTIFIER = "net.grabara.Narrated-ByUITests";
				PRODUCT_NAME = "$(TARGET_NAME)";
				SDKROOT = auto;
				SUPPORTED_PLATFORMS = "iphoneos iphonesimulator macosx";
				SWIFT_EMIT_LOC_STRINGS = NO;
				SWIFT_VERSION = 5.0;
				TARGETED_DEVICE_FAMILY = "1,2";
				TEST_TARGET_NAME = "Narrated By";
			};
			name = Debug;
		};
		C9B34CEB28FB653700B69064 /* Release */ = {
			isa = XCBuildConfiguration;
			buildSettings = {
				ALWAYS_EMBED_SWIFT_STANDARD_LIBRARIES = YES;
				CODE_SIGN_STYLE = Automatic;
				CURRENT_PROJECT_VERSION = 1;
				DEVELOPMENT_TEAM = WB72W87GVP;
				GENERATE_INFOPLIST_FILE = YES;
				IPHONEOS_DEPLOYMENT_TARGET = 16.0;
				MACOSX_DEPLOYMENT_TARGET = 12.3;
				MARKETING_VERSION = 1.0;
				PRODUCT_BUNDLE_IDENTIFIER = "net.grabara.Narrated-ByUITests";
				PRODUCT_NAME = "$(TARGET_NAME)";
				SDKROOT = auto;
				SUPPORTED_PLATFORMS = "iphoneos iphonesimulator macosx";
				SWIFT_EMIT_LOC_STRINGS = NO;
				SWIFT_VERSION = 5.0;
				TARGETED_DEVICE_FAMILY = "1,2";
				TEST_TARGET_NAME = "Narrated By";
			};
			name = Release;
		};
/* End XCBuildConfiguration section */

/* Begin XCConfigurationList section */
		C9B34CB928FB653600B69064 /* Build configuration list for PBXProject "Narrated By" */ = {
			isa = XCConfigurationList;
			buildConfigurations = (
				C9B34CE128FB653700B69064 /* Debug */,
				C9B34CE228FB653700B69064 /* Release */,
			);
			defaultConfigurationIsVisible = 0;
			defaultConfigurationName = Release;
		};
		C9B34CE328FB653700B69064 /* Build configuration list for PBXNativeTarget "Narrated By" */ = {
			isa = XCConfigurationList;
			buildConfigurations = (
				C9B34CE428FB653700B69064 /* Debug */,
				C9B34CE528FB653700B69064 /* Release */,
			);
			defaultConfigurationIsVisible = 0;
			defaultConfigurationName = Release;
		};
		C9B34CE628FB653700B69064 /* Build configuration list for PBXNativeTarget "Narrated ByTests" */ = {
			isa = XCConfigurationList;
			buildConfigurations = (
				C9B34CE728FB653700B69064 /* Debug */,
				C9B34CE828FB653700B69064 /* Release */,
			);
			defaultConfigurationIsVisible = 0;
			defaultConfigurationName = Release;
		};
		C9B34CE928FB653700B69064 /* Build configuration list for PBXNativeTarget "Narrated ByUITests" */ = {
			isa = XCConfigurationList;
			buildConfigurations = (
				C9B34CEA28FB653700B69064 /* Debug */,
				C9B34CEB28FB653700B69064 /* Release */,
			);
			defaultConfigurationIsVisible = 0;
			defaultConfigurationName = Release;
		};
/* End XCConfigurationList section */
	};
	rootObject = C9B34CB628FB653600B69064 /* Project object */;
}
